{
  "nodes": {
    "home-manager": {
      "inputs": {
        "nixpkgs": [
          "nixpkgs"
        ]
      },
      "locked": {
        "lastModified": 1705659542,
        "narHash": "sha256-WA3xVfAk1AYmFdwghT7mt/erYpsU6JPu9mdTEP/e9HQ=",
        "owner": "nix-community",
        "repo": "home-manager",
        "rev": "10cd9c53115061aa6a0a90aad0b0dde6a999cdb9",
        "type": "github"
      },
      "original": {
        "owner": "nix-community",
        "ref": "release-23.11",
        "repo": "home-manager",
        "type": "github"
      }
    },
    "my-nur": {
      "inputs": {
        "nixpkgs": [
          "nixpkgs"
        ]
      },
      "locked": {
        "lastModified": 1702994575,
        "narHash": "sha256-GfFgB7zuouTca6kXfUOY/TZDSAMFbRLr8qBygJCCCIM=",
        "owner": "msqtt",
        "repo": "my-nur",
        "rev": "6f7db80b6bc518903e68b36cf50d0b61aeca8755",
        "type": "github"
      },
      "original": {
        "owner": "msqtt",
        "repo": "my-nur",
        "type": "github"
      }
    },
    "nixpkgs": {
      "locked": {
        "lastModified": 1705916986,
        "narHash": "sha256-iBpfltu6QvN4xMpen6jGGEb6jOqmmVQKUrXdOJ32u8w=",
        "owner": "NixOS",
        "repo": "nixpkgs",
        "rev": "d7f206b723e42edb09d9d753020a84b3061a79d8",
        "type": "github"
      },
      "original": {
        "owner": "NixOS",
        "ref": "nixos-23.11",
        "repo": "nixpkgs",
        "type": "github"
      }
    },
    "nixpkgs-4469e2": {
      "locked": {
        "lastModified": 1701141680,
        "narHash": "sha256-qaPcwKI0RR6mxfn4sMrHEjjDl6VCEPUTRZhN+OFB6zg=",
        "owner": "NixOS",
        "repo": "nixpkgs",
        "rev": "4469e22700c47792f93daa882786d36f9bf8bc2a",
        "type": "github"
      },
      "original": {
        "owner": "NixOS",
        "repo": "nixpkgs",
        "rev": "4469e22700c47792f93daa882786d36f9bf8bc2a",
        "type": "github"
      }
    },
    "nur": {
      "locked": {
        "lastModified": 1706081334,
        "narHash": "sha256-8cecWzpGQQI2mmjrFFcGU+hKs6iVRp6AOQTvjSEtB28=",
        "owner": "nix-community",
        "repo": "NUR",
        "rev": "635b4eabf0b8e5e9ce8daea959db31053b1042ce",
        "type": "github"
      },
      "original": {
        "owner": "nix-community",
        "repo": "NUR",
        "type": "github"
      }
    },
    "root": {
      "inputs": {
        "home-manager": "home-manager",
        "my-nur": "my-nur",
        "nixpkgs": "nixpkgs",
        "nixpkgs-4469e2": "nixpkgs-4469e2",
        "nur": "nur"
      }
    }
  },
  "root": "root",
  "version": 7
}
