{
  "nodes": {
    "home-manager": {
      "inputs": {
        "nixpkgs": [
          "nixpkgs"
        ]
      },
      "locked": {
        "lastModified": 1706981411,
        "narHash": "sha256-cLbLPTL1CDmETVh4p0nQtvoF+FSEjsnJTFpTxhXywhQ=",
        "owner": "nix-community",
        "repo": "home-manager",
        "rev": "652fda4ca6dafeb090943422c34ae9145787af37",
        "type": "github"
      },
      "original": {
        "owner": "nix-community",
        "ref": "release-23.11",
        "repo": "home-manager",
        "type": "github"
      }
    },
    "my-nur": {
      "inputs": {
        "nixpkgs": [
          "nixpkgs"
        ]
      },
      "locked": {
        "lastModified": 1710468174,
        "narHash": "sha256-7s/PppEhbYPOWQvxbpr7lG29NoTRvcHo9SNqORrn59Y=",
        "owner": "msqtt",
        "repo": "my-nur",
        "rev": "4e3a8febee5b9f744f04ad15789d826a41baaf4f",
        "type": "github"
      },
      "original": {
        "owner": "msqtt",
        "repo": "my-nur",
        "type": "github"
      }
    },
    "nixpkgs": {
      "locked": {
        "lastModified": 1710420202,
        "narHash": "sha256-MvFKESbq4rUWuaf2RKPNYENaSZEw/jaCLo2gU6oREcM=",
        "owner": "NixOS",
        "repo": "nixpkgs",
        "rev": "878ef7d9721bee9f81f8a80819f9211ad1f993da",
        "type": "github"
      },
      "original": {
        "owner": "NixOS",
        "ref": "nixos-23.11",
        "repo": "nixpkgs",
        "type": "github"
      }
    },
    "nixpkgs-4469e2": {
      "locked": {
        "lastModified": 1701141680,
        "narHash": "sha256-qaPcwKI0RR6mxfn4sMrHEjjDl6VCEPUTRZhN+OFB6zg=",
        "owner": "NixOS",
        "repo": "nixpkgs",
        "rev": "4469e22700c47792f93daa882786d36f9bf8bc2a",
        "type": "github"
      },
      "original": {
        "owner": "NixOS",
        "repo": "nixpkgs",
        "rev": "4469e22700c47792f93daa882786d36f9bf8bc2a",
        "type": "github"
      }
    },
    "nur": {
      "locked": {
        "lastModified": 1710454985,
        "narHash": "sha256-7BjB5Bco+btNQA6fsZCoT+m04np1XJQtgrgY/dD0cBM=",
        "owner": "nix-community",
        "repo": "NUR",
        "rev": "25e2f6726e0bc6bd9c08a89453713abcba3459f1",
        "type": "github"
      },
      "original": {
        "owner": "nix-community",
        "repo": "NUR",
        "type": "github"
      }
    },
    "root": {
      "inputs": {
        "home-manager": "home-manager",
        "my-nur": "my-nur",
        "nixpkgs": "nixpkgs",
        "nixpkgs-4469e2": "nixpkgs-4469e2",
        "nur": "nur"
      }
    }
  },
  "root": "root",
  "version": 7
}
